
Microsoft Visual Studio Solution File, Format Version 12.00
# Visual Studio Version 17
VisualStudioVersion = 17.0.31912.275
MinimumVisualStudioVersion = 10.0.40219.1
Project("{9A19103F-16F7-4668-BE54-9A1E7A4F7556}") = "Lesson1", "Lesson1\Lesson1.csproj", "{B62FFCD5-FD53-4BA9-9787-D91BFB2A17FE}"
EndProject
Project("{9A19103F-16F7-4668-BE54-9A1E7A4F7556}") = "Lesson1_Task4", "Lesson1_Task4\Lesson1_Task4.csproj", "{85CB4C5B-22BF-4156-9DBB-A8C858947476}"
EndProject
Global
	GlobalSection(SolutionConfigurationPlatforms) = preSolution
		Debug|Any CPU = Debug|Any CPU
		Release|Any CPU = Release|Any CPU
	EndGlobalSection
	GlobalSection(ProjectConfigurationPlatforms) = postSolution
		{B62FFCD5-FD53-4BA9-9787-D91BFB2A17FE}.Debug|Any CPU.ActiveCfg = Debug|Any CPU
		{B62FFCD5-FD53-4BA9-9787-D91BFB2A17FE}.Debug|Any CPU.Build.0 = Debug|Any CPU
		{B62FFCD5-FD53-4BA9-9787-D91BFB2A17FE}.Release|Any CPU.ActiveCfg = Release|Any CPU
		{B62FFCD5-FD53-4BA9-9787-D91BFB2A17FE}.Release|Any CPU.Build.0 = Release|Any CPU
		{85CB4C5B-22BF-4156-9DBB-A8C858947476}.Debug|Any CPU.ActiveCfg = Debug|Any CPU
		{85CB4C5B-22BF-4156-9DBB-A8C858947476}.Debug|Any CPU.Build.0 = Debug|Any CPU
		{85CB4C5B-22BF-4156-9DBB-A8C858947476}.Release|Any CPU.ActiveCfg = Release|Any CPU
		{85CB4C5B-22BF-4156-9DBB-A8C858947476}.Release|Any CPU.Build.0 = Release|Any CPU
	EndGlobalSection
	GlobalSection(SolutionProperties) = preSolution
		HideSolutionNode = FALSE
	EndGlobalSection
	GlobalSection(ExtensibilityGlobals) = postSolution
		SolutionGuid = {904F8EAE-CD9D-42B4-9CD3-C6F2A0F239A7}
	EndGlobalSection
EndGlobal
